
Microsoft Visual Studio Solution File, Format Version 12.00
# Visual Studio Version 17
VisualStudioVersion = 17.7.34024.191
MinimumVisualStudioVersion = 10.0.40219.1
Project("{9A19103F-16F7-4668-BE54-9A1E7A4F7556}") = "Paint", "Paint\Paint.csproj", "{4028B290-80A8-4B91-8EFF-920635374B1B}"
EndProject
Project("{9A19103F-16F7-4668-BE54-9A1E7A4F7556}") = "PluginInterface", "PluginInterface\PluginInterface.csproj", "{DE9BC969-4DD0-4A4D-9062-F709D7D89707}"
EndProject
Project("{9A19103F-16F7-4668-BE54-9A1E7A4F7556}") = "SepiaTonesLibrary", "SepiaTonesLibrary\SepiaTonesLibrary.csproj", "{4D398237-6561-4787-ACDC-56D7B25C2821}"
EndProject
Project("{FAE04EC0-301F-11D3-BF4B-00C04F79EFBC}") = "ContrastEnhancementLibrary", "ContrastEnhancementLibrary\ContrastEnhancementLibrary.csproj", "{52D4D1B9-A9BC-46CB-B8E5-F229191174B3}"
EndProject
Project("{FAE04EC0-301F-11D3-BF4B-00C04F79EFBC}") = "ImageSplittingLibrary", "ImageSplittingLibrary\ImageSplittingLibrary.csproj", "{E6396125-FE8F-43AC-81D4-57B662431743}"
EndProject
Global
	GlobalSection(SolutionConfigurationPlatforms) = preSolution
		Debug|Any CPU = Debug|Any CPU
		Release|Any CPU = Release|Any CPU
	EndGlobalSection
	GlobalSection(ProjectConfigurationPlatforms) = postSolution
		{4028B290-80A8-4B91-8EFF-920635374B1B}.Debug|Any CPU.ActiveCfg = Debug|Any CPU
		{4028B290-80A8-4B91-8EFF-920635374B1B}.Debug|Any CPU.Build.0 = Debug|Any CPU
		{4028B290-80A8-4B91-8EFF-920635374B1B}.Release|Any CPU.ActiveCfg = Release|Any CPU
		{4028B290-80A8-4B91-8EFF-920635374B1B}.Release|Any CPU.Build.0 = Release|Any CPU
		{DE9BC969-4DD0-4A4D-9062-F709D7D89707}.Debug|Any CPU.ActiveCfg = Debug|Any CPU
		{DE9BC969-4DD0-4A4D-9062-F709D7D89707}.Debug|Any CPU.Build.0 = Debug|Any CPU
		{DE9BC969-4DD0-4A4D-9062-F709D7D89707}.Release|Any CPU.ActiveCfg = Release|Any CPU
		{DE9BC969-4DD0-4A4D-9062-F709D7D89707}.Release|Any CPU.Build.0 = Release|Any CPU
		{4D398237-6561-4787-ACDC-56D7B25C2821}.Debug|Any CPU.ActiveCfg = Debug|Any CPU
		{4D398237-6561-4787-ACDC-56D7B25C2821}.Debug|Any CPU.Build.0 = Debug|Any CPU
		{4D398237-6561-4787-ACDC-56D7B25C2821}.Release|Any CPU.ActiveCfg = Release|Any CPU
		{4D398237-6561-4787-ACDC-56D7B25C2821}.Release|Any CPU.Build.0 = Release|Any CPU
		{52D4D1B9-A9BC-46CB-B8E5-F229191174B3}.Debug|Any CPU.ActiveCfg = Debug|Any CPU
		{52D4D1B9-A9BC-46CB-B8E5-F229191174B3}.Debug|Any CPU.Build.0 = Debug|Any CPU
		{52D4D1B9-A9BC-46CB-B8E5-F229191174B3}.Release|Any CPU.ActiveCfg = Release|Any CPU
		{52D4D1B9-A9BC-46CB-B8E5-F229191174B3}.Release|Any CPU.Build.0 = Release|Any CPU
		{E6396125-FE8F-43AC-81D4-57B662431743}.Debug|Any CPU.ActiveCfg = Debug|Any CPU
		{E6396125-FE8F-43AC-81D4-57B662431743}.Debug|Any CPU.Build.0 = Debug|Any CPU
		{E6396125-FE8F-43AC-81D4-57B662431743}.Release|Any CPU.ActiveCfg = Release|Any CPU
		{E6396125-FE8F-43AC-81D4-57B662431743}.Release|Any CPU.Build.0 = Release|Any CPU
	EndGlobalSection
	GlobalSection(SolutionProperties) = preSolution
		HideSolutionNode = FALSE
	EndGlobalSection
	GlobalSection(ExtensibilityGlobals) = postSolution
		SolutionGuid = {13B07DFF-7604-43E0-9BCC-3B3435C2194D}
	EndGlobalSection
EndGlobal
